// !$*UTF8*$!
{
	archiveVersion = 1;
	classes = {
	};
	objectVersion = 51;
	objects = {

/* Begin PBXBuildFile section */
		509F0A5602965FAF5711681C /* Pods_Moeda_Digital_Super_App.framework in Frameworks */ = {isa = PBXBuildFile; fileRef = 3791EE2531A40290A825C57E /* Pods_Moeda_Digital_Super_App.framework */; };
		93FF4F2C262DC3AB00AF0544 /* FavoriteCollectionViewCell.xib in Resources */ = {isa = PBXBuildFile; fileRef = 93FF4F2B262DC3AB00AF0544 /* FavoriteCollectionViewCell.xib */; };
		93FF4F31262DC3B800AF0544 /* FavoriteCollectionViewCell.swift in Sources */ = {isa = PBXBuildFile; fileRef = 93FF4F30262DC3B800AF0544 /* FavoriteCollectionViewCell.swift */; };
		93FF4F36262DC3CD00AF0544 /* FavoriteCollectionViewController.xib in Resources */ = {isa = PBXBuildFile; fileRef = 93FF4F35262DC3CD00AF0544 /* FavoriteCollectionViewController.xib */; };
		93FF4F90262DF7ED00AF0544 /* FavoriteCollectionViewController.swift in Sources */ = {isa = PBXBuildFile; fileRef = 93FF4F8F262DF7ED00AF0544 /* FavoriteCollectionViewController.swift */; };
		93FF4FAB262E095C00AF0544 /* CellViewModel.swift in Sources */ = {isa = PBXBuildFile; fileRef = 93FF4FAA262E095C00AF0544 /* CellViewModel.swift */; };
		9A261FFEC569AED877E19A79 /* Pods_Moeda_Digital_Super_AppTests.framework in Frameworks */ = {isa = PBXBuildFile; fileRef = FFCFFD6C9C57F3BF6DEE5371 /* Pods_Moeda_Digital_Super_AppTests.framework */; };
		9D22A88D262B77B3004F0CA5 /* TabBarVC.swift in Sources */ = {isa = PBXBuildFile; fileRef = 9D22A88B262B77B3004F0CA5 /* TabBarVC.swift */; };
		9D7F37A026275DA300D6042A /* CoinCell.swift in Sources */ = {isa = PBXBuildFile; fileRef = 9D7F379E26275DA300D6042A /* CoinCell.swift */; };
		9D7F37A126275DA300D6042A /* CoinCell.xib in Resources */ = {isa = PBXBuildFile; fileRef = 9D7F379F26275DA300D6042A /* CoinCell.xib */; };
		9DDB0DFE262716DA00694E68 /* AppDelegate.swift in Sources */ = {isa = PBXBuildFile; fileRef = 9DDB0DFD262716DA00694E68 /* AppDelegate.swift */; };
		9DDB0E00262716DA00694E68 /* SceneDelegate.swift in Sources */ = {isa = PBXBuildFile; fileRef = 9DDB0DFF262716DA00694E68 /* SceneDelegate.swift */; };
		9DDB0E08262716DA00694E68 /* Moeda_Digital_Super_App.xcdatamodeld in Sources */ = {isa = PBXBuildFile; fileRef = 9DDB0E06262716DA00694E68 /* Moeda_Digital_Super_App.xcdatamodeld */; };
		9DDB0E0A262716DB00694E68 /* Assets.xcassets in Resources */ = {isa = PBXBuildFile; fileRef = 9DDB0E09262716DB00694E68 /* Assets.xcassets */; };
		9DDB0E0D262716DB00694E68 /* LaunchScreen.storyboard in Resources */ = {isa = PBXBuildFile; fileRef = 9DDB0E0B262716DB00694E68 /* LaunchScreen.storyboard */; };
		9DDB0E18262716DB00694E68 /* Moeda_Digital_Super_AppTests.swift in Sources */ = {isa = PBXBuildFile; fileRef = 9DDB0E17262716DB00694E68 /* Moeda_Digital_Super_AppTests.swift */; };
		9DDB0E23262716DB00694E68 /* Moeda_Digital_Super_AppUITests.swift in Sources */ = {isa = PBXBuildFile; fileRef = 9DDB0E22262716DB00694E68 /* Moeda_Digital_Super_AppUITests.swift */; };
		9DDB0E3926271DD600694E68 /* CoinListVC.swift in Sources */ = {isa = PBXBuildFile; fileRef = 9DDB0E3726271DD600694E68 /* CoinListVC.swift */; };
		9DDB0E3A26271DD600694E68 /* CoinListVC.xib in Resources */ = {isa = PBXBuildFile; fileRef = 9DDB0E3826271DD600694E68 /* CoinListVC.xib */; };
		9DF420B7262B807500E240FC /* Main.storyboard in Resources */ = {isa = PBXBuildFile; fileRef = 9DF420B6262B807500E240FC /* Main.storyboard */; };
		BF802A1060C544168525DD72 /* Pods_Moeda_Digital_Super_App_Moeda_Digital_Super_AppUITests.framework in Frameworks */ = {isa = PBXBuildFile; fileRef = 1ACDB3B0646D2AE3B90CC1C6 /* Pods_Moeda_Digital_Super_App_Moeda_Digital_Super_AppUITests.framework */; };
/* End PBXBuildFile section */

/* Begin PBXContainerItemProxy section */
		9DDB0E14262716DB00694E68 /* PBXContainerItemProxy */ = {
			isa = PBXContainerItemProxy;
			containerPortal = 9DDB0DF2262716DA00694E68 /* Project object */;
			proxyType = 1;
			remoteGlobalIDString = 9DDB0DF9262716DA00694E68;
			remoteInfo = "Moeda Digital Super App";
		};
		9DDB0E1F262716DB00694E68 /* PBXContainerItemProxy */ = {
			isa = PBXContainerItemProxy;
			containerPortal = 9DDB0DF2262716DA00694E68 /* Project object */;
			proxyType = 1;
			remoteGlobalIDString = 9DDB0DF9262716DA00694E68;
			remoteInfo = "Moeda Digital Super App";
		};
/* End PBXContainerItemProxy section */

/* Begin PBXFileReference section */
		13AD0C35052B2AFEF7171F89 /* Pods-Moeda Digital Super App.release.xcconfig */ = {isa = PBXFileReference; includeInIndex = 1; lastKnownFileType = text.xcconfig; name = "Pods-Moeda Digital Super App.release.xcconfig"; path = "Target Support Files/Pods-Moeda Digital Super App/Pods-Moeda Digital Super App.release.xcconfig"; sourceTree = "<group>"; };
		1412EFB9054975083509E508 /* Pods-Moeda Digital Super App.debug.xcconfig */ = {isa = PBXFileReference; includeInIndex = 1; lastKnownFileType = text.xcconfig; name = "Pods-Moeda Digital Super App.debug.xcconfig"; path = "Target Support Files/Pods-Moeda Digital Super App/Pods-Moeda Digital Super App.debug.xcconfig"; sourceTree = "<group>"; };
		1ACDB3B0646D2AE3B90CC1C6 /* Pods_Moeda_Digital_Super_App_Moeda_Digital_Super_AppUITests.framework */ = {isa = PBXFileReference; explicitFileType = wrapper.framework; includeInIndex = 0; path = Pods_Moeda_Digital_Super_App_Moeda_Digital_Super_AppUITests.framework; sourceTree = BUILT_PRODUCTS_DIR; };
		3791EE2531A40290A825C57E /* Pods_Moeda_Digital_Super_App.framework */ = {isa = PBXFileReference; explicitFileType = wrapper.framework; includeInIndex = 0; path = Pods_Moeda_Digital_Super_App.framework; sourceTree = BUILT_PRODUCTS_DIR; };
		44A5C2F4D1BA6DF2D32A11B5 /* Pods-Moeda Digital Super AppTests.debug.xcconfig */ = {isa = PBXFileReference; includeInIndex = 1; lastKnownFileType = text.xcconfig; name = "Pods-Moeda Digital Super AppTests.debug.xcconfig"; path = "Target Support Files/Pods-Moeda Digital Super AppTests/Pods-Moeda Digital Super AppTests.debug.xcconfig"; sourceTree = "<group>"; };
		4DD8E8BC09DA1013835F8A2F /* Pods-Moeda Digital Super App-Moeda Digital Super AppUITests.debug.xcconfig */ = {isa = PBXFileReference; includeInIndex = 1; lastKnownFileType = text.xcconfig; name = "Pods-Moeda Digital Super App-Moeda Digital Super AppUITests.debug.xcconfig"; path = "Target Support Files/Pods-Moeda Digital Super App-Moeda Digital Super AppUITests/Pods-Moeda Digital Super App-Moeda Digital Super AppUITests.debug.xcconfig"; sourceTree = "<group>"; };
		800672FC906E1CE55E4C0B27 /* Pods-Moeda Digital Super AppTests.release.xcconfig */ = {isa = PBXFileReference; includeInIndex = 1; lastKnownFileType = text.xcconfig; name = "Pods-Moeda Digital Super AppTests.release.xcconfig"; path = "Target Support Files/Pods-Moeda Digital Super AppTests/Pods-Moeda Digital Super AppTests.release.xcconfig"; sourceTree = "<group>"; };
		93FF4F2B262DC3AB00AF0544 /* FavoriteCollectionViewCell.xib */ = {isa = PBXFileReference; fileEncoding = 4; lastKnownFileType = file.xib; name = FavoriteCollectionViewCell.xib; path = ../../../../../Prototipo/Prototipo/FavoriteCollectionViewCell.xib; sourceTree = "<group>"; };
		93FF4F30262DC3B800AF0544 /* FavoriteCollectionViewCell.swift */ = {isa = PBXFileReference; fileEncoding = 4; lastKnownFileType = sourcecode.swift; name = FavoriteCollectionViewCell.swift; path = ../../../../../Prototipo/Prototipo/FavoriteCollectionViewCell.swift; sourceTree = "<group>"; };
		93FF4F35262DC3CD00AF0544 /* FavoriteCollectionViewController.xib */ = {isa = PBXFileReference; fileEncoding = 4; lastKnownFileType = file.xib; name = FavoriteCollectionViewController.xib; path = ../../../../../Prototipo/Prototipo/FavoriteCollectionViewController.xib; sourceTree = "<group>"; };
		93FF4F8F262DF7ED00AF0544 /* FavoriteCollectionViewController.swift */ = {isa = PBXFileReference; lastKnownFileType = sourcecode.swift; path = FavoriteCollectionViewController.swift; sourceTree = "<group>"; };
		93FF4FAA262E095C00AF0544 /* CellViewModel.swift */ = {isa = PBXFileReference; fileEncoding = 4; lastKnownFileType = sourcecode.swift; name = CellViewModel.swift; path = ../../../../../../DataModels/DataModels/Classes/ViewModel/CellViewModel.swift; sourceTree = "<group>"; };
		9D22A88B262B77B3004F0CA5 /* TabBarVC.swift */ = {isa = PBXFileReference; lastKnownFileType = sourcecode.swift; path = TabBarVC.swift; sourceTree = "<group>"; };
		9D7F379E26275DA300D6042A /* CoinCell.swift */ = {isa = PBXFileReference; lastKnownFileType = sourcecode.swift; path = CoinCell.swift; sourceTree = "<group>"; };
		9D7F379F26275DA300D6042A /* CoinCell.xib */ = {isa = PBXFileReference; lastKnownFileType = file.xib; path = CoinCell.xib; sourceTree = "<group>"; };
		9DDB0DFA262716DA00694E68 /* Moeda Digital Super App.app */ = {isa = PBXFileReference; explicitFileType = wrapper.application; includeInIndex = 0; path = "Moeda Digital Super App.app"; sourceTree = BUILT_PRODUCTS_DIR; };
		9DDB0DFD262716DA00694E68 /* AppDelegate.swift */ = {isa = PBXFileReference; lastKnownFileType = sourcecode.swift; path = AppDelegate.swift; sourceTree = "<group>"; };
		9DDB0DFF262716DA00694E68 /* SceneDelegate.swift */ = {isa = PBXFileReference; lastKnownFileType = sourcecode.swift; path = SceneDelegate.swift; sourceTree = "<group>"; };
		9DDB0E07262716DA00694E68 /* Moeda_Digital_Super_App.xcdatamodel */ = {isa = PBXFileReference; lastKnownFileType = wrapper.xcdatamodel; path = Moeda_Digital_Super_App.xcdatamodel; sourceTree = "<group>"; };
		9DDB0E09262716DB00694E68 /* Assets.xcassets */ = {isa = PBXFileReference; lastKnownFileType = folder.assetcatalog; path = Assets.xcassets; sourceTree = "<group>"; };
		9DDB0E0C262716DB00694E68 /* Base */ = {isa = PBXFileReference; lastKnownFileType = file.storyboard; name = Base; path = Base.lproj/LaunchScreen.storyboard; sourceTree = "<group>"; };
		9DDB0E0E262716DB00694E68 /* Info.plist */ = {isa = PBXFileReference; lastKnownFileType = text.plist.xml; path = Info.plist; sourceTree = "<group>"; };
		9DDB0E13262716DB00694E68 /* Moeda Digital Super AppTests.xctest */ = {isa = PBXFileReference; explicitFileType = wrapper.cfbundle; includeInIndex = 0; path = "Moeda Digital Super AppTests.xctest"; sourceTree = BUILT_PRODUCTS_DIR; };
		9DDB0E17262716DB00694E68 /* Moeda_Digital_Super_AppTests.swift */ = {isa = PBXFileReference; lastKnownFileType = sourcecode.swift; path = Moeda_Digital_Super_AppTests.swift; sourceTree = "<group>"; };
		9DDB0E19262716DB00694E68 /* Info.plist */ = {isa = PBXFileReference; lastKnownFileType = text.plist.xml; path = Info.plist; sourceTree = "<group>"; };
		9DDB0E1E262716DB00694E68 /* Moeda Digital Super AppUITests.xctest */ = {isa = PBXFileReference; explicitFileType = wrapper.cfbundle; includeInIndex = 0; path = "Moeda Digital Super AppUITests.xctest"; sourceTree = BUILT_PRODUCTS_DIR; };
		9DDB0E22262716DB00694E68 /* Moeda_Digital_Super_AppUITests.swift */ = {isa = PBXFileReference; lastKnownFileType = sourcecode.swift; path = Moeda_Digital_Super_AppUITests.swift; sourceTree = "<group>"; };
		9DDB0E24262716DB00694E68 /* Info.plist */ = {isa = PBXFileReference; lastKnownFileType = text.plist.xml; path = Info.plist; sourceTree = "<group>"; };
		9DDB0E3726271DD600694E68 /* CoinListVC.swift */ = {isa = PBXFileReference; lastKnownFileType = sourcecode.swift; path = CoinListVC.swift; sourceTree = "<group>"; };
		9DDB0E3826271DD600694E68 /* CoinListVC.xib */ = {isa = PBXFileReference; lastKnownFileType = file.xib; path = CoinListVC.xib; sourceTree = "<group>"; };
		9DF420B6262B807500E240FC /* Main.storyboard */ = {isa = PBXFileReference; lastKnownFileType = file.storyboard; path = Main.storyboard; sourceTree = "<group>"; };
		D6DD567F9186FF097D95FF0B /* Pods-Moeda Digital Super App-Moeda Digital Super AppUITests.release.xcconfig */ = {isa = PBXFileReference; includeInIndex = 1; lastKnownFileType = text.xcconfig; name = "Pods-Moeda Digital Super App-Moeda Digital Super AppUITests.release.xcconfig"; path = "Target Support Files/Pods-Moeda Digital Super App-Moeda Digital Super AppUITests/Pods-Moeda Digital Super App-Moeda Digital Super AppUITests.release.xcconfig"; sourceTree = "<group>"; };
		FFCFFD6C9C57F3BF6DEE5371 /* Pods_Moeda_Digital_Super_AppTests.framework */ = {isa = PBXFileReference; explicitFileType = wrapper.framework; includeInIndex = 0; path = Pods_Moeda_Digital_Super_AppTests.framework; sourceTree = BUILT_PRODUCTS_DIR; };
/* End PBXFileReference section */

/* Begin PBXFrameworksBuildPhase section */
		9DDB0DF7262716DA00694E68 /* Frameworks */ = {
			isa = PBXFrameworksBuildPhase;
			buildActionMask = 2147483647;
			files = (
				509F0A5602965FAF5711681C /* Pods_Moeda_Digital_Super_App.framework in Frameworks */,
			);
			runOnlyForDeploymentPostprocessing = 0;
		};
		9DDB0E10262716DB00694E68 /* Frameworks */ = {
			isa = PBXFrameworksBuildPhase;
			buildActionMask = 2147483647;
			files = (
				9A261FFEC569AED877E19A79 /* Pods_Moeda_Digital_Super_AppTests.framework in Frameworks */,
			);
			runOnlyForDeploymentPostprocessing = 0;
		};
		9DDB0E1B262716DB00694E68 /* Frameworks */ = {
			isa = PBXFrameworksBuildPhase;
			buildActionMask = 2147483647;
			files = (
				BF802A1060C544168525DD72 /* Pods_Moeda_Digital_Super_App_Moeda_Digital_Super_AppUITests.framework in Frameworks */,
			);
			runOnlyForDeploymentPostprocessing = 0;
		};
/* End PBXFrameworksBuildPhase section */

/* Begin PBXGroup section */
		93FF4FA7262E08DE00AF0544 /* View */ = {
			isa = PBXGroup;
			children = (
			);
			path = View;
			sourceTree = "<group>";
		};
		93FF4FA8262E08F800AF0544 /* Model */ = {
			isa = PBXGroup;
			children = (
				93FF4FAA262E095C00AF0544 /* CellViewModel.swift */,
			);
			path = Model;
			sourceTree = "<group>";
		};
		93FF4FA9262E090000AF0544 /* ViewModel */ = {
			isa = PBXGroup;
			children = (
			);
			path = ViewModel;
			sourceTree = "<group>";
		};
		9D22A88A262B7771004F0CA5 /* TabBar */ = {
			isa = PBXGroup;
			children = (
				9D22A88B262B77B3004F0CA5 /* TabBarVC.swift */,
			);
			name = TabBar;
			path = "New Group";
			sourceTree = "<group>";
		};
		9D4F9D0C262748EC0037ED53 /* Components */ = {
			isa = PBXGroup;
			children = (
				9D22A88A262B7771004F0CA5 /* TabBar */,
				9D4F9D0D262748F40037ED53 /* CoinList */,
				9D73A949262C62660003D83A /* FavoriteList */,
			);
			path = Components;
			sourceTree = "<group>";
		};
		9D4F9D0D262748F40037ED53 /* CoinList */ = {
			isa = PBXGroup;
			children = (
				9DDB0E3826271DD600694E68 /* CoinListVC.xib */,
				9DDB0E3726271DD600694E68 /* CoinListVC.swift */,
				9D7F379E26275DA300D6042A /* CoinCell.swift */,
				9D7F379F26275DA300D6042A /* CoinCell.xib */,
			);
			path = CoinList;
			sourceTree = "<group>";
		};
		9D73A949262C62660003D83A /* FavoriteList */ = {
			isa = PBXGroup;
			children = (
				93FF4FA9262E090000AF0544 /* ViewModel */,
				93FF4FA8262E08F800AF0544 /* Model */,
				93FF4FA7262E08DE00AF0544 /* View */,
				93FF4F8F262DF7ED00AF0544 /* FavoriteCollectionViewController.swift */,
				93FF4F35262DC3CD00AF0544 /* FavoriteCollectionViewController.xib */,
				93FF4F30262DC3B800AF0544 /* FavoriteCollectionViewCell.swift */,
				93FF4F2B262DC3AB00AF0544 /* FavoriteCollectionViewCell.xib */,
			);
			path = FavoriteList;
			sourceTree = "<group>";
		};
		9DA648212629F8CC00138F87 /* View */ = {
			isa = PBXGroup;
			children = (
				9DF420B6262B807500E240FC /* Main.storyboard */,
				9DDB0E0B262716DB00694E68 /* LaunchScreen.storyboard */,
			);
			path = View;
			sourceTree = "<group>";
		};
		9DA648242629F8E900138F87 /* Application */ = {
			isa = PBXGroup;
			children = (
				9DDB0DFD262716DA00694E68 /* AppDelegate.swift */,
				9DDB0DFF262716DA00694E68 /* SceneDelegate.swift */,
				9DDB0E09262716DB00694E68 /* Assets.xcassets */,
				9DDB0E06262716DA00694E68 /* Moeda_Digital_Super_App.xcdatamodeld */,
			);
			path = Application;
			sourceTree = "<group>";
		};
		9DDB0DF1262716DA00694E68 = {
			isa = PBXGroup;
			children = (
				9DDB0DFC262716DA00694E68 /* Moeda Digital Super App */,
				9DDB0E16262716DB00694E68 /* Moeda Digital Super AppTests */,
				9DDB0E21262716DB00694E68 /* Moeda Digital Super AppUITests */,
				9DDB0DFB262716DA00694E68 /* Products */,
				EA3E230368CD8F9AA21FDBB0 /* Pods */,
				C7D316177E0F1A199A2FE83D /* Frameworks */,
			);
			sourceTree = "<group>";
		};
		9DDB0DFB262716DA00694E68 /* Products */ = {
			isa = PBXGroup;
			children = (
				9DDB0DFA262716DA00694E68 /* Moeda Digital Super App.app */,
				9DDB0E13262716DB00694E68 /* Moeda Digital Super AppTests.xctest */,
				9DDB0E1E262716DB00694E68 /* Moeda Digital Super AppUITests.xctest */,
			);
			name = Products;
			sourceTree = "<group>";
		};
		9DDB0DFC262716DA00694E68 /* Moeda Digital Super App */ = {
			isa = PBXGroup;
			children = (
				9DA648242629F8E900138F87 /* Application */,
				9DA648212629F8CC00138F87 /* View */,
				9D4F9D0C262748EC0037ED53 /* Components */,
				9DDB0E0E262716DB00694E68 /* Info.plist */,
			);
			path = "Moeda Digital Super App";
			sourceTree = "<group>";
		};
		9DDB0E16262716DB00694E68 /* Moeda Digital Super AppTests */ = {
			isa = PBXGroup;
			children = (
				9DDB0E17262716DB00694E68 /* Moeda_Digital_Super_AppTests.swift */,
				9DDB0E19262716DB00694E68 /* Info.plist */,
			);
			path = "Moeda Digital Super AppTests";
			sourceTree = "<group>";
		};
		9DDB0E21262716DB00694E68 /* Moeda Digital Super AppUITests */ = {
			isa = PBXGroup;
			children = (
				9DDB0E22262716DB00694E68 /* Moeda_Digital_Super_AppUITests.swift */,
				9DDB0E24262716DB00694E68 /* Info.plist */,
			);
			path = "Moeda Digital Super AppUITests";
			sourceTree = "<group>";
		};
		C7D316177E0F1A199A2FE83D /* Frameworks */ = {
			isa = PBXGroup;
			children = (
				3791EE2531A40290A825C57E /* Pods_Moeda_Digital_Super_App.framework */,
				1ACDB3B0646D2AE3B90CC1C6 /* Pods_Moeda_Digital_Super_App_Moeda_Digital_Super_AppUITests.framework */,
				FFCFFD6C9C57F3BF6DEE5371 /* Pods_Moeda_Digital_Super_AppTests.framework */,
			);
			name = Frameworks;
			sourceTree = "<group>";
		};
		EA3E230368CD8F9AA21FDBB0 /* Pods */ = {
			isa = PBXGroup;
			children = (
				1412EFB9054975083509E508 /* Pods-Moeda Digital Super App.debug.xcconfig */,
				13AD0C35052B2AFEF7171F89 /* Pods-Moeda Digital Super App.release.xcconfig */,
				4DD8E8BC09DA1013835F8A2F /* Pods-Moeda Digital Super App-Moeda Digital Super AppUITests.debug.xcconfig */,
				D6DD567F9186FF097D95FF0B /* Pods-Moeda Digital Super App-Moeda Digital Super AppUITests.release.xcconfig */,
				44A5C2F4D1BA6DF2D32A11B5 /* Pods-Moeda Digital Super AppTests.debug.xcconfig */,
				800672FC906E1CE55E4C0B27 /* Pods-Moeda Digital Super AppTests.release.xcconfig */,
			);
			path = Pods;
			sourceTree = "<group>";
		};
/* End PBXGroup section */

/* Begin PBXNativeTarget section */
		9DDB0DF9262716DA00694E68 /* Moeda Digital Super App */ = {
			isa = PBXNativeTarget;
			buildConfigurationList = 9DDB0E27262716DB00694E68 /* Build configuration list for PBXNativeTarget "Moeda Digital Super App" */;
			buildPhases = (
				19182B752101694A71D08576 /* [CP] Check Pods Manifest.lock */,
				9DDB0DF6262716DA00694E68 /* Sources */,
				9DDB0DF7262716DA00694E68 /* Frameworks */,
				9DDB0DF8262716DA00694E68 /* Resources */,
				DBE459121399E92130362802 /* [CP] Embed Pods Frameworks */,
			);
			buildRules = (
			);
			dependencies = (
			);
			name = "Moeda Digital Super App";
			productName = "Moeda Digital Super App";
			productReference = 9DDB0DFA262716DA00694E68 /* Moeda Digital Super App.app */;
			productType = "com.apple.product-type.application";
		};
		9DDB0E12262716DB00694E68 /* Moeda Digital Super AppTests */ = {
			isa = PBXNativeTarget;
			buildConfigurationList = 9DDB0E2A262716DB00694E68 /* Build configuration list for PBXNativeTarget "Moeda Digital Super AppTests" */;
			buildPhases = (
				3D84E56FF8D673B96F7DC8E7 /* [CP] Check Pods Manifest.lock */,
				9DDB0E0F262716DB00694E68 /* Sources */,
				9DDB0E10262716DB00694E68 /* Frameworks */,
				9DDB0E11262716DB00694E68 /* Resources */,
			);
			buildRules = (
			);
			dependencies = (
				9DDB0E15262716DB00694E68 /* PBXTargetDependency */,
			);
			name = "Moeda Digital Super AppTests";
			productName = "Moeda Digital Super AppTests";
			productReference = 9DDB0E13262716DB00694E68 /* Moeda Digital Super AppTests.xctest */;
			productType = "com.apple.product-type.bundle.unit-test";
		};
		9DDB0E1D262716DB00694E68 /* Moeda Digital Super AppUITests */ = {
			isa = PBXNativeTarget;
			buildConfigurationList = 9DDB0E2D262716DB00694E68 /* Build configuration list for PBXNativeTarget "Moeda Digital Super AppUITests" */;
			buildPhases = (
				29F1CBD6D662ABDDF483B0BF /* [CP] Check Pods Manifest.lock */,
				9DDB0E1A262716DB00694E68 /* Sources */,
				9DDB0E1B262716DB00694E68 /* Frameworks */,
				9DDB0E1C262716DB00694E68 /* Resources */,
				C9716B7D38C6DF497C60FB73 /* [CP] Embed Pods Frameworks */,
			);
			buildRules = (
			);
			dependencies = (
				9DDB0E20262716DB00694E68 /* PBXTargetDependency */,
			);
			name = "Moeda Digital Super AppUITests";
			productName = "Moeda Digital Super AppUITests";
			productReference = 9DDB0E1E262716DB00694E68 /* Moeda Digital Super AppUITests.xctest */;
			productType = "com.apple.product-type.bundle.ui-testing";
		};
/* End PBXNativeTarget section */

/* Begin PBXProject section */
		9DDB0DF2262716DA00694E68 /* Project object */ = {
			isa = PBXProject;
			attributes = {
				LastSwiftUpdateCheck = 1240;
				LastUpgradeCheck = 1240;
				TargetAttributes = {
					9DDB0DF9262716DA00694E68 = {
						CreatedOnToolsVersion = 12.4;
					};
					9DDB0E12262716DB00694E68 = {
						CreatedOnToolsVersion = 12.4;
						TestTargetID = 9DDB0DF9262716DA00694E68;
					};
					9DDB0E1D262716DB00694E68 = {
						CreatedOnToolsVersion = 12.4;
						TestTargetID = 9DDB0DF9262716DA00694E68;
					};
				};
			};
			buildConfigurationList = 9DDB0DF5262716DA00694E68 /* Build configuration list for PBXProject "Moeda Digital Super App" */;
			compatibilityVersion = "Xcode 9.3";
			developmentRegion = en;
			hasScannedForEncodings = 0;
			knownRegions = (
				en,
				Base,
			);
			mainGroup = 9DDB0DF1262716DA00694E68;
			productRefGroup = 9DDB0DFB262716DA00694E68 /* Products */;
			projectDirPath = "";
			projectRoot = "";
			targets = (
				9DDB0DF9262716DA00694E68 /* Moeda Digital Super App */,
				9DDB0E12262716DB00694E68 /* Moeda Digital Super AppTests */,
				9DDB0E1D262716DB00694E68 /* Moeda Digital Super AppUITests */,
			);
		};
/* End PBXProject section */

/* Begin PBXResourcesBuildPhase section */
		9DDB0DF8262716DA00694E68 /* Resources */ = {
			isa = PBXResourcesBuildPhase;
			buildActionMask = 2147483647;
			files = (
				9DDB0E3A26271DD600694E68 /* CoinListVC.xib in Resources */,
				93FF4F36262DC3CD00AF0544 /* FavoriteCollectionViewController.xib in Resources */,
				9DF420B7262B807500E240FC /* Main.storyboard in Resources */,
				9DDB0E0D262716DB00694E68 /* LaunchScreen.storyboard in Resources */,
				9DDB0E0A262716DB00694E68 /* Assets.xcassets in Resources */,
				93FF4F2C262DC3AB00AF0544 /* FavoriteCollectionViewCell.xib in Resources */,
				9D7F37A126275DA300D6042A /* CoinCell.xib in Resources */,
			);
			runOnlyForDeploymentPostprocessing = 0;
		};
		9DDB0E11262716DB00694E68 /* Resources */ = {
			isa = PBXResourcesBuildPhase;
			buildActionMask = 2147483647;
			files = (
			);
			runOnlyForDeploymentPostprocessing = 0;
		};
		9DDB0E1C262716DB00694E68 /* Resources */ = {
			isa = PBXResourcesBuildPhase;
			buildActionMask = 2147483647;
			files = (
			);
			runOnlyForDeploymentPostprocessing = 0;
		};
/* End PBXResourcesBuildPhase section */

/* Begin PBXShellScriptBuildPhase section */
		19182B752101694A71D08576 /* [CP] Check Pods Manifest.lock */ = {
			isa = PBXShellScriptBuildPhase;
			buildActionMask = 2147483647;
			files = (
			);
			inputFileListPaths = (
			);
			inputPaths = (
				"${PODS_PODFILE_DIR_PATH}/Podfile.lock",
				"${PODS_ROOT}/Manifest.lock",
			);
			name = "[CP] Check Pods Manifest.lock";
			outputFileListPaths = (
			);
			outputPaths = (
				"$(DERIVED_FILE_DIR)/Pods-Moeda Digital Super App-checkManifestLockResult.txt",
			);
			runOnlyForDeploymentPostprocessing = 0;
			shellPath = /bin/sh;
			shellScript = "diff \"${PODS_PODFILE_DIR_PATH}/Podfile.lock\" \"${PODS_ROOT}/Manifest.lock\" > /dev/null\nif [ $? != 0 ] ; then\n    # print error to STDERR\n    echo \"error: The sandbox is not in sync with the Podfile.lock. Run 'pod install' or update your CocoaPods installation.\" >&2\n    exit 1\nfi\n# This output is used by Xcode 'outputs' to avoid re-running this script phase.\necho \"SUCCESS\" > \"${SCRIPT_OUTPUT_FILE_0}\"\n";
			showEnvVarsInLog = 0;
		};
		29F1CBD6D662ABDDF483B0BF /* [CP] Check Pods Manifest.lock */ = {
			isa = PBXShellScriptBuildPhase;
			buildActionMask = 2147483647;
			files = (
			);
			inputFileListPaths = (
			);
			inputPaths = (
				"${PODS_PODFILE_DIR_PATH}/Podfile.lock",
				"${PODS_ROOT}/Manifest.lock",
			);
			name = "[CP] Check Pods Manifest.lock";
			outputFileListPaths = (
			);
			outputPaths = (
				"$(DERIVED_FILE_DIR)/Pods-Moeda Digital Super App-Moeda Digital Super AppUITests-checkManifestLockResult.txt",
			);
			runOnlyForDeploymentPostprocessing = 0;
			shellPath = /bin/sh;
			shellScript = "diff \"${PODS_PODFILE_DIR_PATH}/Podfile.lock\" \"${PODS_ROOT}/Manifest.lock\" > /dev/null\nif [ $? != 0 ] ; then\n    # print error to STDERR\n    echo \"error: The sandbox is not in sync with the Podfile.lock. Run 'pod install' or update your CocoaPods installation.\" >&2\n    exit 1\nfi\n# This output is used by Xcode 'outputs' to avoid re-running this script phase.\necho \"SUCCESS\" > \"${SCRIPT_OUTPUT_FILE_0}\"\n";
			showEnvVarsInLog = 0;
		};
		3D84E56FF8D673B96F7DC8E7 /* [CP] Check Pods Manifest.lock */ = {
			isa = PBXShellScriptBuildPhase;
			buildActionMask = 2147483647;
			files = (
			);
			inputFileListPaths = (
			);
			inputPaths = (
				"${PODS_PODFILE_DIR_PATH}/Podfile.lock",
				"${PODS_ROOT}/Manifest.lock",
			);
			name = "[CP] Check Pods Manifest.lock";
			outputFileListPaths = (
			);
			outputPaths = (
				"$(DERIVED_FILE_DIR)/Pods-Moeda Digital Super AppTests-checkManifestLockResult.txt",
			);
			runOnlyForDeploymentPostprocessing = 0;
			shellPath = /bin/sh;
			shellScript = "diff \"${PODS_PODFILE_DIR_PATH}/Podfile.lock\" \"${PODS_ROOT}/Manifest.lock\" > /dev/null\nif [ $? != 0 ] ; then\n    # print error to STDERR\n    echo \"error: The sandbox is not in sync with the Podfile.lock. Run 'pod install' or update your CocoaPods installation.\" >&2\n    exit 1\nfi\n# This output is used by Xcode 'outputs' to avoid re-running this script phase.\necho \"SUCCESS\" > \"${SCRIPT_OUTPUT_FILE_0}\"\n";
			showEnvVarsInLog = 0;
		};
		C9716B7D38C6DF497C60FB73 /* [CP] Embed Pods Frameworks */ = {
			isa = PBXShellScriptBuildPhase;
			buildActionMask = 2147483647;
			files = (
			);
			inputFileListPaths = (
				"${PODS_ROOT}/Target Support Files/Pods-Moeda Digital Super App-Moeda Digital Super AppUITests/Pods-Moeda Digital Super App-Moeda Digital Super AppUITests-frameworks-${CONFIGURATION}-input-files.xcfilelist",
			);
			name = "[CP] Embed Pods Frameworks";
			outputFileListPaths = (
				"${PODS_ROOT}/Target Support Files/Pods-Moeda Digital Super App-Moeda Digital Super AppUITests/Pods-Moeda Digital Super App-Moeda Digital Super AppUITests-frameworks-${CONFIGURATION}-output-files.xcfilelist",
			);
			runOnlyForDeploymentPostprocessing = 0;
			shellPath = /bin/sh;
			shellScript = "\"${PODS_ROOT}/Target Support Files/Pods-Moeda Digital Super App-Moeda Digital Super AppUITests/Pods-Moeda Digital Super App-Moeda Digital Super AppUITests-frameworks.sh\"\n";
			showEnvVarsInLog = 0;
		};
		DBE459121399E92130362802 /* [CP] Embed Pods Frameworks */ = {
			isa = PBXShellScriptBuildPhase;
			buildActionMask = 2147483647;
			files = (
			);
			inputFileListPaths = (
				"${PODS_ROOT}/Target Support Files/Pods-Moeda Digital Super App/Pods-Moeda Digital Super App-frameworks-${CONFIGURATION}-input-files.xcfilelist",
			);
			name = "[CP] Embed Pods Frameworks";
			outputFileListPaths = (
				"${PODS_ROOT}/Target Support Files/Pods-Moeda Digital Super App/Pods-Moeda Digital Super App-frameworks-${CONFIGURATION}-output-files.xcfilelist",
			);
			runOnlyForDeploymentPostprocessing = 0;
			shellPath = /bin/sh;
			shellScript = "\"${PODS_ROOT}/Target Support Files/Pods-Moeda Digital Super App/Pods-Moeda Digital Super App-frameworks.sh\"\n";
			showEnvVarsInLog = 0;
		};
/* End PBXShellScriptBuildPhase section */

/* Begin PBXSourcesBuildPhase section */
		9DDB0DF6262716DA00694E68 /* Sources */ = {
			isa = PBXSourcesBuildPhase;
			buildActionMask = 2147483647;
			files = (
				9DDB0E08262716DA00694E68 /* Moeda_Digital_Super_App.xcdatamodeld in Sources */,
				9DDB0DFE262716DA00694E68 /* AppDelegate.swift in Sources */,
				9D7F37A026275DA300D6042A /* CoinCell.swift in Sources */,
				93FF4F31262DC3B800AF0544 /* FavoriteCollectionViewCell.swift in Sources */,
				93FF4FAB262E095C00AF0544 /* CellViewModel.swift in Sources */,
				9DDB0E00262716DA00694E68 /* SceneDelegate.swift in Sources */,
				9D22A88D262B77B3004F0CA5 /* TabBarVC.swift in Sources */,
				93FF4F90262DF7ED00AF0544 /* FavoriteCollectionViewController.swift in Sources */,
				9DDB0E3926271DD600694E68 /* CoinListVC.swift in Sources */,
			);
			runOnlyForDeploymentPostprocessing = 0;
		};
		9DDB0E0F262716DB00694E68 /* Sources */ = {
			isa = PBXSourcesBuildPhase;
			buildActionMask = 2147483647;
			files = (
				9DDB0E18262716DB00694E68 /* Moeda_Digital_Super_AppTests.swift in Sources */,
			);
			runOnlyForDeploymentPostprocessing = 0;
		};
		9DDB0E1A262716DB00694E68 /* Sources */ = {
			isa = PBXSourcesBuildPhase;
			buildActionMask = 2147483647;
			files = (
				9DDB0E23262716DB00694E68 /* Moeda_Digital_Super_AppUITests.swift in Sources */,
			);
			runOnlyForDeploymentPostprocessing = 0;
		};
/* End PBXSourcesBuildPhase section */

/* Begin PBXTargetDependency section */
		9DDB0E15262716DB00694E68 /* PBXTargetDependency */ = {
			isa = PBXTargetDependency;
			target = 9DDB0DF9262716DA00694E68 /* Moeda Digital Super App */;
			targetProxy = 9DDB0E14262716DB00694E68 /* PBXContainerItemProxy */;
		};
		9DDB0E20262716DB00694E68 /* PBXTargetDependency */ = {
			isa = PBXTargetDependency;
			target = 9DDB0DF9262716DA00694E68 /* Moeda Digital Super App */;
			targetProxy = 9DDB0E1F262716DB00694E68 /* PBXContainerItemProxy */;
		};
/* End PBXTargetDependency section */

/* Begin PBXVariantGroup section */
		9DDB0E0B262716DB00694E68 /* LaunchScreen.storyboard */ = {
			isa = PBXVariantGroup;
			children = (
				9DDB0E0C262716DB00694E68 /* Base */,
			);
			name = LaunchScreen.storyboard;
			sourceTree = "<group>";
		};
/* End PBXVariantGroup section */

/* Begin XCBuildConfiguration section */
		9DDB0E25262716DB00694E68 /* Debug */ = {
			isa = XCBuildConfiguration;
			buildSettings = {
				ALWAYS_SEARCH_USER_PATHS = NO;
				CLANG_ANALYZER_NONNULL = YES;
				CLANG_ANALYZER_NUMBER_OBJECT_CONVERSION = YES_AGGRESSIVE;
				CLANG_CXX_LANGUAGE_STANDARD = "gnu++14";
				CLANG_CXX_LIBRARY = "libc++";
				CLANG_ENABLE_MODULES = YES;
				CLANG_ENABLE_OBJC_ARC = YES;
				CLANG_ENABLE_OBJC_WEAK = YES;
				CLANG_WARN_BLOCK_CAPTURE_AUTORELEASING = YES;
				CLANG_WARN_BOOL_CONVERSION = YES;
				CLANG_WARN_COMMA = YES;
				CLANG_WARN_CONSTANT_CONVERSION = YES;
				CLANG_WARN_DEPRECATED_OBJC_IMPLEMENTATIONS = YES;
				CLANG_WARN_DIRECT_OBJC_ISA_USAGE = YES_ERROR;
				CLANG_WARN_DOCUMENTATION_COMMENTS = YES;
				CLANG_WARN_EMPTY_BODY = YES;
				CLANG_WARN_ENUM_CONVERSION = YES;
				CLANG_WARN_INFINITE_RECURSION = YES;
				CLANG_WARN_INT_CONVERSION = YES;
				CLANG_WARN_NON_LITERAL_NULL_CONVERSION = YES;
				CLANG_WARN_OBJC_IMPLICIT_RETAIN_SELF = YES;
				CLANG_WARN_OBJC_LITERAL_CONVERSION = YES;
				CLANG_WARN_OBJC_ROOT_CLASS = YES_ERROR;
				CLANG_WARN_QUOTED_INCLUDE_IN_FRAMEWORK_HEADER = YES;
				CLANG_WARN_RANGE_LOOP_ANALYSIS = YES;
				CLANG_WARN_STRICT_PROTOTYPES = YES;
				CLANG_WARN_SUSPICIOUS_MOVE = YES;
				CLANG_WARN_UNGUARDED_AVAILABILITY = YES_AGGRESSIVE;
				CLANG_WARN_UNREACHABLE_CODE = YES;
				CLANG_WARN__DUPLICATE_METHOD_MATCH = YES;
				COPY_PHASE_STRIP = NO;
				DEBUG_INFORMATION_FORMAT = dwarf;
				ENABLE_STRICT_OBJC_MSGSEND = YES;
				ENABLE_TESTABILITY = YES;
				GCC_C_LANGUAGE_STANDARD = gnu11;
				GCC_DYNAMIC_NO_PIC = NO;
				GCC_NO_COMMON_BLOCKS = YES;
				GCC_OPTIMIZATION_LEVEL = 0;
				GCC_PREPROCESSOR_DEFINITIONS = (
					"DEBUG=1",
					"$(inherited)",
				);
				GCC_WARN_64_TO_32_BIT_CONVERSION = YES;
				GCC_WARN_ABOUT_RETURN_TYPE = YES_ERROR;
				GCC_WARN_UNDECLARED_SELECTOR = YES;
				GCC_WARN_UNINITIALIZED_AUTOS = YES_AGGRESSIVE;
				GCC_WARN_UNUSED_FUNCTION = YES;
				GCC_WARN_UNUSED_VARIABLE = YES;
				IPHONEOS_DEPLOYMENT_TARGET = 14.4;
				MTL_ENABLE_DEBUG_INFO = INCLUDE_SOURCE;
				MTL_FAST_MATH = YES;
				ONLY_ACTIVE_ARCH = YES;
				SDKROOT = iphoneos;
				SWIFT_ACTIVE_COMPILATION_CONDITIONS = DEBUG;
				SWIFT_OPTIMIZATION_LEVEL = "-Onone";
			};
			name = Debug;
		};
		9DDB0E26262716DB00694E68 /* Release */ = {
			isa = XCBuildConfiguration;
			buildSettings = {
				ALWAYS_SEARCH_USER_PATHS = NO;
				CLANG_ANALYZER_NONNULL = YES;
				CLANG_ANALYZER_NUMBER_OBJECT_CONVERSION = YES_AGGRESSIVE;
				CLANG_CXX_LANGUAGE_STANDARD = "gnu++14";
				CLANG_CXX_LIBRARY = "libc++";
				CLANG_ENABLE_MODULES = YES;
				CLANG_ENABLE_OBJC_ARC = YES;
				CLANG_ENABLE_OBJC_WEAK = YES;
				CLANG_WARN_BLOCK_CAPTURE_AUTORELEASING = YES;
				CLANG_WARN_BOOL_CONVERSION = YES;
				CLANG_WARN_COMMA = YES;
				CLANG_WARN_CONSTANT_CONVERSION = YES;
				CLANG_WARN_DEPRECATED_OBJC_IMPLEMENTATIONS = YES;
				CLANG_WARN_DIRECT_OBJC_ISA_USAGE = YES_ERROR;
				CLANG_WARN_DOCUMENTATION_COMMENTS = YES;
				CLANG_WARN_EMPTY_BODY = YES;
				CLANG_WARN_ENUM_CONVERSION = YES;
				CLANG_WARN_INFINITE_RECURSION = YES;
				CLANG_WARN_INT_CONVERSION = YES;
				CLANG_WARN_NON_LITERAL_NULL_CONVERSION = YES;
				CLANG_WARN_OBJC_IMPLICIT_RETAIN_SELF = YES;
				CLANG_WARN_OBJC_LITERAL_CONVERSION = YES;
				CLANG_WARN_OBJC_ROOT_CLASS = YES_ERROR;
				CLANG_WARN_QUOTED_INCLUDE_IN_FRAMEWORK_HEADER = YES;
				CLANG_WARN_RANGE_LOOP_ANALYSIS = YES;
				CLANG_WARN_STRICT_PROTOTYPES = YES;
				CLANG_WARN_SUSPICIOUS_MOVE = YES;
				CLANG_WARN_UNGUARDED_AVAILABILITY = YES_AGGRESSIVE;
				CLANG_WARN_UNREACHABLE_CODE = YES;
				CLANG_WARN__DUPLICATE_METHOD_MATCH = YES;
				COPY_PHASE_STRIP = NO;
				DEBUG_INFORMATION_FORMAT = "dwarf-with-dsym";
				ENABLE_NS_ASSERTIONS = NO;
				ENABLE_STRICT_OBJC_MSGSEND = YES;
				GCC_C_LANGUAGE_STANDARD = gnu11;
				GCC_NO_COMMON_BLOCKS = YES;
				GCC_WARN_64_TO_32_BIT_CONVERSION = YES;
				GCC_WARN_ABOUT_RETURN_TYPE = YES_ERROR;
				GCC_WARN_UNDECLARED_SELECTOR = YES;
				GCC_WARN_UNINITIALIZED_AUTOS = YES_AGGRESSIVE;
				GCC_WARN_UNUSED_FUNCTION = YES;
				GCC_WARN_UNUSED_VARIABLE = YES;
				IPHONEOS_DEPLOYMENT_TARGET = 14.4;
				MTL_ENABLE_DEBUG_INFO = NO;
				MTL_FAST_MATH = YES;
				SDKROOT = iphoneos;
				SWIFT_COMPILATION_MODE = wholemodule;
				SWIFT_OPTIMIZATION_LEVEL = "-O";
				VALIDATE_PRODUCT = YES;
			};
			name = Release;
		};
		9DDB0E28262716DB00694E68 /* Debug */ = {
			isa = XCBuildConfiguration;
			baseConfigurationReference = 1412EFB9054975083509E508 /* Pods-Moeda Digital Super App.debug.xcconfig */;
			buildSettings = {
				ASSETCATALOG_COMPILER_APPICON_NAME = AppIcon;
				ASSETCATALOG_COMPILER_GLOBAL_ACCENT_COLOR_NAME = AccentColor;
				CODE_SIGN_STYLE = Automatic;
				DEVELOPMENT_TEAM = AR7T5G5Z83;
				INFOPLIST_FILE = "Moeda Digital Super App/Info.plist";
				IPHONEOS_DEPLOYMENT_TARGET = 14.4;
				LD_RUNPATH_SEARCH_PATHS = (
					"$(inherited)",
					"@executable_path/Frameworks",
				);
				PRODUCT_BUNDLE_IDENTIFIER = "com.lucaswkuipers.Moeda-Digital-Super-App";
				PRODUCT_NAME = "$(TARGET_NAME)";
				SWIFT_VERSION = 5.0;
				TARGETED_DEVICE_FAMILY = 1;
			};
			name = Debug;
		};
		9DDB0E29262716DB00694E68 /* Release */ = {
			isa = XCBuildConfiguration;
			baseConfigurationReference = 13AD0C35052B2AFEF7171F89 /* Pods-Moeda Digital Super App.release.xcconfig */;
			buildSettings = {
				ASSETCATALOG_COMPILER_APPICON_NAME = AppIcon;
				ASSETCATALOG_COMPILER_GLOBAL_ACCENT_COLOR_NAME = AccentColor;
				CODE_SIGN_STYLE = Automatic;
				DEVELOPMENT_TEAM = AR7T5G5Z83;
				INFOPLIST_FILE = "Moeda Digital Super App/Info.plist";
				IPHONEOS_DEPLOYMENT_TARGET = 14.4;
				LD_RUNPATH_SEARCH_PATHS = (
					"$(inherited)",
					"@executable_path/Frameworks",
				);
				PRODUCT_BUNDLE_IDENTIFIER = "com.lucaswkuipers.Moeda-Digital-Super-App";
				PRODUCT_NAME = "$(TARGET_NAME)";
				SWIFT_VERSION = 5.0;
				TARGETED_DEVICE_FAMILY = 1;
			};
			name = Release;
		};
		9DDB0E2B262716DB00694E68 /* Debug */ = {
			isa = XCBuildConfiguration;
			baseConfigurationReference = 44A5C2F4D1BA6DF2D32A11B5 /* Pods-Moeda Digital Super AppTests.debug.xcconfig */;
			buildSettings = {
				ALWAYS_EMBED_SWIFT_STANDARD_LIBRARIES = YES;
				BUNDLE_LOADER = "$(TEST_HOST)";
				CODE_SIGN_STYLE = Automatic;
				DEVELOPMENT_TEAM = AR7T5G5Z83;
				INFOPLIST_FILE = "Moeda Digital Super AppTests/Info.plist";
				IPHONEOS_DEPLOYMENT_TARGET = 14.4;
				LD_RUNPATH_SEARCH_PATHS = (
					"$(inherited)",
					"@executable_path/Frameworks",
					"@loader_path/Frameworks",
				);
				PRODUCT_BUNDLE_IDENTIFIER = "com.lucaswkuipers.Moeda-Digital-Super-AppTests";
				PRODUCT_NAME = "$(TARGET_NAME)";
				SWIFT_VERSION = 5.0;
				TARGETED_DEVICE_FAMILY = "1,2";
				TEST_HOST = "$(BUILT_PRODUCTS_DIR)/Moeda Digital Super App.app/Moeda Digital Super App";
			};
			name = Debug;
		};
		9DDB0E2C262716DB00694E68 /* Release */ = {
			isa = XCBuildConfiguration;
			baseConfigurationReference = 800672FC906E1CE55E4C0B27 /* Pods-Moeda Digital Super AppTests.release.xcconfig */;
			buildSettings = {
				ALWAYS_EMBED_SWIFT_STANDARD_LIBRARIES = YES;
				BUNDLE_LOADER = "$(TEST_HOST)";
				CODE_SIGN_STYLE = Automatic;
				DEVELOPMENT_TEAM = AR7T5G5Z83;
				INFOPLIST_FILE = "Moeda Digital Super AppTests/Info.plist";
				IPHONEOS_DEPLOYMENT_TARGET = 14.4;
				LD_RUNPATH_SEARCH_PATHS = (
					"$(inherited)",
					"@executable_path/Frameworks",
					"@loader_path/Frameworks",
				);
				PRODUCT_BUNDLE_IDENTIFIER = "com.lucaswkuipers.Moeda-Digital-Super-AppTests";
				PRODUCT_NAME = "$(TARGET_NAME)";
				SWIFT_VERSION = 5.0;
				TARGETED_DEVICE_FAMILY = "1,2";
				TEST_HOST = "$(BUILT_PRODUCTS_DIR)/Moeda Digital Super App.app/Moeda Digital Super App";
			};
			name = Release;
		};
		9DDB0E2E262716DB00694E68 /* Debug */ = {
			isa = XCBuildConfiguration;
			baseConfigurationReference = 4DD8E8BC09DA1013835F8A2F /* Pods-Moeda Digital Super App-Moeda Digital Super AppUITests.debug.xcconfig */;
			buildSettings = {
				ALWAYS_EMBED_SWIFT_STANDARD_LIBRARIES = YES;
				CODE_SIGN_STYLE = Automatic;
				DEVELOPMENT_TEAM = AR7T5G5Z83;
				INFOPLIST_FILE = "Moeda Digital Super AppUITests/Info.plist";
				LD_RUNPATH_SEARCH_PATHS = (
					"$(inherited)",
					"@executable_path/Frameworks",
					"@loader_path/Frameworks",
				);
				PRODUCT_BUNDLE_IDENTIFIER = "com.lucaswkuipers.Moeda-Digital-Super-AppUITests";
				PRODUCT_NAME = "$(TARGET_NAME)";
				SWIFT_VERSION = 5.0;
				TARGETED_DEVICE_FAMILY = "1,2";
				TEST_TARGET_NAME = "Moeda Digital Super App";
			};
			name = Debug;
		};
		9DDB0E2F262716DB00694E68 /* Release */ = {
			isa = XCBuildConfiguration;
			baseConfigurationReference = D6DD567F9186FF097D95FF0B /* Pods-Moeda Digital Super App-Moeda Digital Super AppUITests.release.xcconfig */;
			buildSettings = {
				ALWAYS_EMBED_SWIFT_STANDARD_LIBRARIES = YES;
				CODE_SIGN_STYLE = Automatic;
				DEVELOPMENT_TEAM = AR7T5G5Z83;
				INFOPLIST_FILE = "Moeda Digital Super AppUITests/Info.plist";
				LD_RUNPATH_SEARCH_PATHS = (
					"$(inherited)",
					"@executable_path/Frameworks",
					"@loader_path/Frameworks",
				);
				PRODUCT_BUNDLE_IDENTIFIER = "com.lucaswkuipers.Moeda-Digital-Super-AppUITests";
				PRODUCT_NAME = "$(TARGET_NAME)";
				SWIFT_VERSION = 5.0;
				TARGETED_DEVICE_FAMILY = "1,2";
				TEST_TARGET_NAME = "Moeda Digital Super App";
			};
			name = Release;
		};
/* End XCBuildConfiguration section */

/* Begin XCConfigurationList section */
		9DDB0DF5262716DA00694E68 /* Build configuration list for PBXProject "Moeda Digital Super App" */ = {
			isa = XCConfigurationList;
			buildConfigurations = (
				9DDB0E25262716DB00694E68 /* Debug */,
				9DDB0E26262716DB00694E68 /* Release */,
			);
			defaultConfigurationIsVisible = 0;
			defaultConfigurationName = Release;
		};
		9DDB0E27262716DB00694E68 /* Build configuration list for PBXNativeTarget "Moeda Digital Super App" */ = {
			isa = XCConfigurationList;
			buildConfigurations = (
				9DDB0E28262716DB00694E68 /* Debug */,
				9DDB0E29262716DB00694E68 /* Release */,
			);
			defaultConfigurationIsVisible = 0;
			defaultConfigurationName = Release;
		};
		9DDB0E2A262716DB00694E68 /* Build configuration list for PBXNativeTarget "Moeda Digital Super AppTests" */ = {
			isa = XCConfigurationList;
			buildConfigurations = (
				9DDB0E2B262716DB00694E68 /* Debug */,
				9DDB0E2C262716DB00694E68 /* Release */,
			);
			defaultConfigurationIsVisible = 0;
			defaultConfigurationName = Release;
		};
		9DDB0E2D262716DB00694E68 /* Build configuration list for PBXNativeTarget "Moeda Digital Super AppUITests" */ = {
			isa = XCConfigurationList;
			buildConfigurations = (
				9DDB0E2E262716DB00694E68 /* Debug */,
				9DDB0E2F262716DB00694E68 /* Release */,
			);
			defaultConfigurationIsVisible = 0;
			defaultConfigurationName = Release;
		};
/* End XCConfigurationList section */

/* Begin XCVersionGroup section */
		9DDB0E06262716DA00694E68 /* Moeda_Digital_Super_App.xcdatamodeld */ = {
			isa = XCVersionGroup;
			children = (
				9DDB0E07262716DA00694E68 /* Moeda_Digital_Super_App.xcdatamodel */,
			);
			currentVersion = 9DDB0E07262716DA00694E68 /* Moeda_Digital_Super_App.xcdatamodel */;
			path = Moeda_Digital_Super_App.xcdatamodeld;
			sourceTree = "<group>";
			versionGroupType = wrapper.xcdatamodel;
		};
/* End XCVersionGroup section */
	};
	rootObject = 9DDB0DF2262716DA00694E68 /* Project object */;
}
